
Microsoft Visual Studio Solution File, Format Version 12.00
# Visual Studio Version 17
VisualStudioVersion = 17.14.36623.8 d17.14
MinimumVisualStudioVersion = 10.0.40219.1
Project("{2150E333-8FDC-42A3-9474-1A3956D46DE8}") = "Gateway", "Gateway", "{02EA681E-C7D8-13C7-8484-4AC65E1B71E8}"
EndProject
Project("{2150E333-8FDC-42A3-9474-1A3956D46DE8}") = "Services", "Services", "{7C68D4E3-B768-401D-AAF0-D471B6281E73}"
EndProject
Project("{FAE04EC0-301F-11D3-BF4B-00C04F79EFBC}") = "Gateway.API", "Gateway\Gateway.API\Gateway.API.csproj", "{E0B12711-6A3E-421B-B202-C79B2A2DEA21}"
EndProject
Project("{FAE04EC0-301F-11D3-BF4B-00C04F79EFBC}") = "Customer.API", "Services\Customer.API\Customer.API.csproj", "{F00E3CFA-1A9B-42AB-8A5A-3E64AB72FF46}"
EndProject
Project("{E53339B2-1760-4266-BCC7-CA923CBCF16C}") = "docker-compose", "docker-compose.dcproj", "{81DDED9D-158B-E303-5F62-77A2896D2A5A}"
EndProject
Global
	GlobalSection(SolutionConfigurationPlatforms) = preSolution
		Debug|Any CPU = Debug|Any CPU
		Release|Any CPU = Release|Any CPU
	EndGlobalSection
	GlobalSection(ProjectConfigurationPlatforms) = postSolution
		{E0B12711-6A3E-421B-B202-C79B2A2DEA21}.Debug|Any CPU.ActiveCfg = Debug|Any CPU
		{E0B12711-6A3E-421B-B202-C79B2A2DEA21}.Debug|Any CPU.Build.0 = Debug|Any CPU
		{E0B12711-6A3E-421B-B202-C79B2A2DEA21}.Release|Any CPU.ActiveCfg = Release|Any CPU
		{E0B12711-6A3E-421B-B202-C79B2A2DEA21}.Release|Any CPU.Build.0 = Release|Any CPU
		{F00E3CFA-1A9B-42AB-8A5A-3E64AB72FF46}.Debug|Any CPU.ActiveCfg = Debug|Any CPU
		{F00E3CFA-1A9B-42AB-8A5A-3E64AB72FF46}.Debug|Any CPU.Build.0 = Debug|Any CPU
		{F00E3CFA-1A9B-42AB-8A5A-3E64AB72FF46}.Release|Any CPU.ActiveCfg = Release|Any CPU
		{F00E3CFA-1A9B-42AB-8A5A-3E64AB72FF46}.Release|Any CPU.Build.0 = Release|Any CPU
		{81DDED9D-158B-E303-5F62-77A2896D2A5A}.Debug|Any CPU.ActiveCfg = Debug|Any CPU
		{81DDED9D-158B-E303-5F62-77A2896D2A5A}.Debug|Any CPU.Build.0 = Debug|Any CPU
		{81DDED9D-158B-E303-5F62-77A2896D2A5A}.Release|Any CPU.ActiveCfg = Release|Any CPU
		{81DDED9D-158B-E303-5F62-77A2896D2A5A}.Release|Any CPU.Build.0 = Release|Any CPU
	EndGlobalSection
	GlobalSection(SolutionProperties) = preSolution
		HideSolutionNode = FALSE
	EndGlobalSection
	GlobalSection(NestedProjects) = preSolution
		{E0B12711-6A3E-421B-B202-C79B2A2DEA21} = {02EA681E-C7D8-13C7-8484-4AC65E1B71E8}
		{F00E3CFA-1A9B-42AB-8A5A-3E64AB72FF46} = {7C68D4E3-B768-401D-AAF0-D471B6281E73}
	EndGlobalSection
	GlobalSection(ExtensibilityGlobals) = postSolution
		SolutionGuid = {D2A0ECC4-8DC4-403C-BECD-2DDA5322BEBE}
	EndGlobalSection
EndGlobal
